# THIS IS AN AUTOGENERATED FILE. DO NOT EDIT THIS FILE DIRECTLY.
# yarn lockfile v1


JSONStream@0.10.0:
  version "0.10.0"
  resolved "https://registry.yarnpkg.com/JSONStream/-/JSONStream-0.10.0.tgz#74349d0d89522b71f30f0a03ff9bd20ca6f12ac0"
  dependencies:
    jsonparse "0.0.5"
    through ">=2.2.7 <3"

core-util-is@~1.0.0:
  version "1.0.2"
  resolved "https://registry.yarnpkg.com/core-util-is/-/core-util-is-1.0.2.tgz#b5fd54220aa2bc5ab57aab7140c940754503c1a7"

debug@^2.6.0:
  version "2.6.1"
  resolved "https://registry.yarnpkg.com/debug/-/debug-2.6.1.tgz#79855090ba2c4e3115cc7d8769491d58f0491351"
  dependencies:
    ms "0.7.2"

docker-modem@0.3.x:
  version "0.3.4"
  resolved "https://registry.yarnpkg.com/docker-modem/-/docker-modem-0.3.4.tgz#417c11a153c4db415c5fc8a46502d0096b32ca4e"
  dependencies:
    JSONStream "0.10.0"
    debug "^2.6.0"
    readable-stream "~1.0.26-4"
    split-ca "^1.0.0"

dockerode@^2.3.1:
  version "2.3.1"
  resolved "https://registry.yarnpkg.com/dockerode/-/dockerode-2.3.1.tgz#e58213d9db0c34c6093bb7a3ad621ea7ef02ad5e"
  dependencies:
    docker-modem "0.3.x"

inherits@~2.0.1:
  version "2.0.3"
  resolved "https://registry.yarnpkg.com/inherits/-/inherits-2.0.3.tgz#633c2c83e3da42a502f52466022480f4208261de"

isarray@0.0.1:
  version "0.0.1"
  resolved "https://registry.yarnpkg.com/isarray/-/isarray-0.0.1.tgz#8a18acfca9a8f4177e09abfc6038939b05d1eedf"

isstream@^0.1.2:
  version "0.1.2"
  resolved "https://registry.yarnpkg.com/isstream/-/isstream-0.1.2.tgz#47e63f7af55afa6f92e1500e690eb8b8529c099a"

jsonparse@0.0.5:
  version "0.0.5"
  resolved "https://registry.yarnpkg.com/jsonparse/-/jsonparse-0.0.5.tgz#330542ad3f0a654665b778f3eb2d9a9fa507ac64"

ms@0.7.2:
  version "0.7.2"
  resolved "https://registry.yarnpkg.com/ms/-/ms-0.7.2.tgz#ae25cf2512b3885a1d95d7f037868d8431124765"

readable-stream@~1.0.26-4:
  version "1.0.34"
  resolved "https://registry.yarnpkg.com/readable-stream/-/readable-stream-1.0.34.tgz#125820e34bc842d2f2aaafafe4c2916ee32c157c"
  dependencies:
    core-util-is "~1.0.0"
    inherits "~2.0.1"
    isarray "0.0.1"
    string_decoder "~0.10.x"

split-ca@^1.0.0:
  version "1.0.1"
  resolved "https://registry.yarnpkg.com/split-ca/-/split-ca-1.0.1.tgz#6c83aff3692fa61256e0cd197e05e9de157691a6"

streambattery@^0.1.0:
  version "0.1.0"
  resolved "https://registry.yarnpkg.com/streambattery/-/streambattery-0.1.0.tgz#1e545054da437b049252d4310d506e9f0b999b69"

string_decoder@~0.10.x:
  version "0.10.31"
  resolved "https://registry.yarnpkg.com/string_decoder/-/string_decoder-0.10.31.tgz#62e203bc41766c6c28c9fc84301dab1c5310fa94"

"through@>=2.2.7 <3":
  version "2.3.8"
  resolved "https://registry.yarnpkg.com/through/-/through-2.3.8.tgz#0dd4c9ffaabc357960b1b724115d7e0e86a2e1f5"
